
Microsoft Visual Studio Solution File, Format Version 12.00
# Visual Studio Version 17
VisualStudioVersion = 17.7.34031.279
MinimumVisualStudioVersion = 10.0.40219.1
Project("{FAE04EC0-301F-11D3-BF4B-00C04F79EFBC}") = "test1", "test1.csproj", "{65B17F62-5265-44C3-8374-DCF3F6AE5D46}"
EndProject
Project("{FAE04EC0-301F-11D3-BF4B-00C04F79EFBC}") = "DBFirstDBSpecific", "..\..\..\Documents\LLBLGen Pro\v5.10\Projects\Code\DatabaseSpecific\DBFirstDBSpecific.csproj", "{F8761438-C569-4D8E-9A17-F0F9B4B96C6F}"
EndProject
Project("{FAE04EC0-301F-11D3-BF4B-00C04F79EFBC}") = "DBFirst", "..\..\..\Documents\LLBLGen Pro\v5.10\Projects\Code\DatabaseGeneric\DBFirst.csproj", "{F55A758E-1D70-4529-9A89-E58FF7C361AB}"
EndProject
Global
	GlobalSection(SolutionConfigurationPlatforms) = preSolution
		Debug|Any CPU = Debug|Any CPU
		Release|Any CPU = Release|Any CPU
	EndGlobalSection
	GlobalSection(ProjectConfigurationPlatforms) = postSolution
		{65B17F62-5265-44C3-8374-DCF3F6AE5D46}.Debug|Any CPU.ActiveCfg = Debug|Any CPU
		{65B17F62-5265-44C3-8374-DCF3F6AE5D46}.Debug|Any CPU.Build.0 = Debug|Any CPU
		{65B17F62-5265-44C3-8374-DCF3F6AE5D46}.Release|Any CPU.ActiveCfg = Release|Any CPU
		{65B17F62-5265-44C3-8374-DCF3F6AE5D46}.Release|Any CPU.Build.0 = Release|Any CPU
		{F8761438-C569-4D8E-9A17-F0F9B4B96C6F}.Debug|Any CPU.ActiveCfg = Debug|Any CPU
		{F8761438-C569-4D8E-9A17-F0F9B4B96C6F}.Debug|Any CPU.Build.0 = Debug|Any CPU
		{F8761438-C569-4D8E-9A17-F0F9B4B96C6F}.Release|Any CPU.ActiveCfg = Release|Any CPU
		{F8761438-C569-4D8E-9A17-F0F9B4B96C6F}.Release|Any CPU.Build.0 = Release|Any CPU
		{F55A758E-1D70-4529-9A89-E58FF7C361AB}.Debug|Any CPU.ActiveCfg = Debug|Any CPU
		{F55A758E-1D70-4529-9A89-E58FF7C361AB}.Debug|Any CPU.Build.0 = Debug|Any CPU
		{F55A758E-1D70-4529-9A89-E58FF7C361AB}.Release|Any CPU.ActiveCfg = Release|Any CPU
		{F55A758E-1D70-4529-9A89-E58FF7C361AB}.Release|Any CPU.Build.0 = Release|Any CPU
	EndGlobalSection
	GlobalSection(SolutionProperties) = preSolution
		HideSolutionNode = FALSE
	EndGlobalSection
	GlobalSection(ExtensibilityGlobals) = postSolution
		SolutionGuid = {3C3084C8-2B75-4577-83E6-4B16F63FA45B}
	EndGlobalSection
EndGlobal
