
Microsoft Visual Studio Solution File, Format Version 12.00
# Visual Studio Version 17
VisualStudioVersion = 17.7.34031.279
MinimumVisualStudioVersion = 10.0.40219.1
Project("{9A19103F-16F7-4668-BE54-9A1E7A4F7556}") = "Hospital.Migrations", "Hospital.Migrations\Hospital.Migrations.csproj", "{37A9CAC4-06A3-4F9F-9140-366FC564AEEA}"
EndProject
Project("{9A19103F-16F7-4668-BE54-9A1E7A4F7556}") = "Hospital", "Code\DatabaseGeneric\Hospital.csproj", "{9E7E9837-217A-4AF7-986F-5CAD80254088}"
EndProject
Project("{9A19103F-16F7-4668-BE54-9A1E7A4F7556}") = "HospitalDBSpecific", "Code\DatabaseSpecific\HospitalDBSpecific.csproj", "{0D80482E-ECCF-430A-B04E-B2C25D61C67F}"
EndProject
Project("{FAE04EC0-301F-11D3-BF4B-00C04F79EFBC}") = "Hospital.APIs", "Hospital.APIs\Hospital.APIs.csproj", "{0C728EC6-B4B6-4D5E-B870-F1DC6151D553}"
EndProject
Global
	GlobalSection(SolutionConfigurationPlatforms) = preSolution
		Debug|Any CPU = Debug|Any CPU
		Release|Any CPU = Release|Any CPU
	EndGlobalSection
	GlobalSection(ProjectConfigurationPlatforms) = postSolution
		{37A9CAC4-06A3-4F9F-9140-366FC564AEEA}.Debug|Any CPU.ActiveCfg = Debug|Any CPU
		{37A9CAC4-06A3-4F9F-9140-366FC564AEEA}.Debug|Any CPU.Build.0 = Debug|Any CPU
		{37A9CAC4-06A3-4F9F-9140-366FC564AEEA}.Release|Any CPU.ActiveCfg = Release|Any CPU
		{37A9CAC4-06A3-4F9F-9140-366FC564AEEA}.Release|Any CPU.Build.0 = Release|Any CPU
		{9E7E9837-217A-4AF7-986F-5CAD80254088}.Debug|Any CPU.ActiveCfg = Debug|Any CPU
		{9E7E9837-217A-4AF7-986F-5CAD80254088}.Debug|Any CPU.Build.0 = Debug|Any CPU
		{9E7E9837-217A-4AF7-986F-5CAD80254088}.Release|Any CPU.ActiveCfg = Release|Any CPU
		{9E7E9837-217A-4AF7-986F-5CAD80254088}.Release|Any CPU.Build.0 = Release|Any CPU
		{0D80482E-ECCF-430A-B04E-B2C25D61C67F}.Debug|Any CPU.ActiveCfg = Debug|Any CPU
		{0D80482E-ECCF-430A-B04E-B2C25D61C67F}.Debug|Any CPU.Build.0 = Debug|Any CPU
		{0D80482E-ECCF-430A-B04E-B2C25D61C67F}.Release|Any CPU.ActiveCfg = Release|Any CPU
		{0D80482E-ECCF-430A-B04E-B2C25D61C67F}.Release|Any CPU.Build.0 = Release|Any CPU
		{0C728EC6-B4B6-4D5E-B870-F1DC6151D553}.Debug|Any CPU.ActiveCfg = Debug|Any CPU
		{0C728EC6-B4B6-4D5E-B870-F1DC6151D553}.Debug|Any CPU.Build.0 = Debug|Any CPU
		{0C728EC6-B4B6-4D5E-B870-F1DC6151D553}.Release|Any CPU.ActiveCfg = Release|Any CPU
		{0C728EC6-B4B6-4D5E-B870-F1DC6151D553}.Release|Any CPU.Build.0 = Release|Any CPU
	EndGlobalSection
	GlobalSection(SolutionProperties) = preSolution
		HideSolutionNode = FALSE
	EndGlobalSection
	GlobalSection(ExtensibilityGlobals) = postSolution
		SolutionGuid = {A9B2C278-EF0B-42D7-98D2-553BB6BEE02B}
	EndGlobalSection
EndGlobal
